
Microsoft Visual Studio Solution File, Format Version 11.00
# Visual Studio 2010
Project("{FAE04EC0-301F-11D3-BF4B-00C04F79EFBC}") = "FunctionalExtensions", "FunctionalExtensions/FunctionalExtensions.csproj", "{41E75DD7-A66E-468B-86CA-A35BB3510AFC}"
EndProject
Project("{FAE04EC0-301F-11D3-BF4B-00C04F79EFBC}") = "FunctionalExtensions-tests", "FunctionalExtensions-tests/FunctionalExtensions-tests.csproj", "{CAEA04B2-5464-4190-A2EA-4BD4F97F60E3}"
EndProject
Project("{FAE04EC0-301F-11D3-BF4B-00C04F79EFBC}") = "FunctionalExtensions-examples", "FunctionalExtensions-examples/FunctionalExtensions-examples.csproj", "{26CD058A-082A-4F6F-942B-B699B11E743A}"
EndProject
Global
	GlobalSection(SolutionConfigurationPlatforms) = preSolution
		Debug|Any CPU = Debug|Any CPU
		Release|Any CPU = Release|Any CPU
	EndGlobalSection
	GlobalSection(ProjectConfigurationPlatforms) = postSolution
		{41E75DD7-A66E-468B-86CA-A35BB3510AFC}.Debug|Any CPU.ActiveCfg = Debug|Any CPU
		{41E75DD7-A66E-468B-86CA-A35BB3510AFC}.Debug|Any CPU.Build.0 = Debug|Any CPU
		{41E75DD7-A66E-468B-86CA-A35BB3510AFC}.Release|Any CPU.ActiveCfg = Release|Any CPU
		{41E75DD7-A66E-468B-86CA-A35BB3510AFC}.Release|Any CPU.Build.0 = Release|Any CPU
		{CAEA04B2-5464-4190-A2EA-4BD4F97F60E3}.Debug|Any CPU.ActiveCfg = Debug|Any CPU
		{CAEA04B2-5464-4190-A2EA-4BD4F97F60E3}.Debug|Any CPU.Build.0 = Debug|Any CPU
		{CAEA04B2-5464-4190-A2EA-4BD4F97F60E3}.Release|Any CPU.ActiveCfg = Release|Any CPU
		{CAEA04B2-5464-4190-A2EA-4BD4F97F60E3}.Release|Any CPU.Build.0 = Release|Any CPU
		{26CD058A-082A-4F6F-942B-B699B11E743A}.Debug|Any CPU.ActiveCfg = Debug|Any CPU
		{26CD058A-082A-4F6F-942B-B699B11E743A}.Debug|Any CPU.Build.0 = Debug|Any CPU
		{26CD058A-082A-4F6F-942B-B699B11E743A}.Release|Any CPU.ActiveCfg = Release|Any CPU
		{26CD058A-082A-4F6F-942B-B699B11E743A}.Release|Any CPU.Build.0 = Release|Any CPU
	EndGlobalSection
	GlobalSection(SolutionProperties) = preSolution
		HideSolutionNode = FALSE
	EndGlobalSection
EndGlobal
